
Microsoft Visual Studio Solution File, Format Version 12.00
# Visual Studio 15
VisualStudioVersion = 15.0.28307.421
MinimumVisualStudioVersion = 10.0.40219.1
Project("{FAE04EC0-301F-11D3-BF4B-00C04F79EFBC}") = "BioSoleWebApp", "BioSoleWebApp\BioSoleWebApp.csproj", "{84B428E6-C853-46FA-ABAB-95726973CF52}"
EndProject
Global
	GlobalSection(SolutionConfigurationPlatforms) = preSolution
		Debug|Any CPU = Debug|Any CPU
		Release|Any CPU = Release|Any CPU
	EndGlobalSection
	GlobalSection(ProjectConfigurationPlatforms) = postSolution
		{84B428E6-C853-46FA-ABAB-95726973CF52}.Debug|Any CPU.ActiveCfg = Debug|Any CPU
		{84B428E6-C853-46FA-ABAB-95726973CF52}.Debug|Any CPU.Build.0 = Debug|Any CPU
		{84B428E6-C853-46FA-ABAB-95726973CF52}.Release|Any CPU.ActiveCfg = Release|Any CPU
		{84B428E6-C853-46FA-ABAB-95726973CF52}.Release|Any CPU.Build.0 = Release|Any CPU
	EndGlobalSection
	GlobalSection(SolutionProperties) = preSolution
		HideSolutionNode = FALSE
	EndGlobalSection
	GlobalSection(ExtensibilityGlobals) = postSolution
		SolutionGuid = {636E3DA5-B81F-4386-A71A-350CD6C9AA28}
	EndGlobalSection
EndGlobal
